
Microsoft Visual Studio Solution File, Format Version 12.00
# Visual Studio 14
VisualStudioVersion = 14.0.25420.1
MinimumVisualStudioVersion = 10.0.40219.1
Project("{FAE04EC0-301F-11D3-BF4B-00C04F79EFBC}") = "SearchTextBoundary", "SearchTextBoundary\SearchTextBoundary.csproj", "{9844B46E-C7E6-4824-AF92-9157390EB901}"
EndProject
Project("{FAE04EC0-301F-11D3-BF4B-00C04F79EFBC}") = "EntryForR", "EntryForR\EntryForR.csproj", "{26799494-854B-403A-9784-06341FD2FD46}"
	ProjectSection(ProjectDependencies) = postProject
		{9844B46E-C7E6-4824-AF92-9157390EB901} = {9844B46E-C7E6-4824-AF92-9157390EB901}
		{D92254E4-57C2-4D5B-B217-96ECE4169878} = {D92254E4-57C2-4D5B-B217-96ECE4169878}
	EndProjectSection
EndProject
Project("{FAE04EC0-301F-11D3-BF4B-00C04F79EFBC}") = "ExtractImage", "ExtractImage\ExtractImage.csproj", "{D92254E4-57C2-4D5B-B217-96ECE4169878}"
EndProject
Global
	GlobalSection(SolutionConfigurationPlatforms) = preSolution
		Debug|Any CPU = Debug|Any CPU
		Release|Any CPU = Release|Any CPU
	EndGlobalSection
	GlobalSection(ProjectConfigurationPlatforms) = postSolution
		{9844B46E-C7E6-4824-AF92-9157390EB901}.Debug|Any CPU.ActiveCfg = Debug|Any CPU
		{9844B46E-C7E6-4824-AF92-9157390EB901}.Debug|Any CPU.Build.0 = Debug|Any CPU
		{9844B46E-C7E6-4824-AF92-9157390EB901}.Release|Any CPU.ActiveCfg = Release|Any CPU
		{9844B46E-C7E6-4824-AF92-9157390EB901}.Release|Any CPU.Build.0 = Release|Any CPU
		{26799494-854B-403A-9784-06341FD2FD46}.Debug|Any CPU.ActiveCfg = Debug|Any CPU
		{26799494-854B-403A-9784-06341FD2FD46}.Debug|Any CPU.Build.0 = Debug|Any CPU
		{26799494-854B-403A-9784-06341FD2FD46}.Release|Any CPU.ActiveCfg = Release|Any CPU
		{26799494-854B-403A-9784-06341FD2FD46}.Release|Any CPU.Build.0 = Release|Any CPU
		{D92254E4-57C2-4D5B-B217-96ECE4169878}.Debug|Any CPU.ActiveCfg = Debug|Any CPU
		{D92254E4-57C2-4D5B-B217-96ECE4169878}.Debug|Any CPU.Build.0 = Debug|Any CPU
		{D92254E4-57C2-4D5B-B217-96ECE4169878}.Release|Any CPU.ActiveCfg = Release|Any CPU
		{D92254E4-57C2-4D5B-B217-96ECE4169878}.Release|Any CPU.Build.0 = Release|Any CPU
	EndGlobalSection
	GlobalSection(SolutionProperties) = preSolution
		HideSolutionNode = FALSE
	EndGlobalSection
EndGlobal
